
Microsoft Visual Studio Solution File, Format Version 12.00
# Visual Studio 14
VisualStudioVersion = 14.0.25420.1
MinimumVisualStudioVersion = 10.0.40219.1
Project("{FAE04EC0-301F-11D3-BF4B-00C04F79EFBC}") = "GenericsDemo", "GenericsDemo\GenericsDemo.csproj", "{B3DF536B-38B3-44F3-8B5C-BF5DD0737921}"
EndProject
Global
	GlobalSection(SolutionConfigurationPlatforms) = preSolution
		Debug|Any CPU = Debug|Any CPU
		Release|Any CPU = Release|Any CPU
	EndGlobalSection
	GlobalSection(ProjectConfigurationPlatforms) = postSolution
		{B3DF536B-38B3-44F3-8B5C-BF5DD0737921}.Debug|Any CPU.ActiveCfg = Debug|Any CPU
		{B3DF536B-38B3-44F3-8B5C-BF5DD0737921}.Debug|Any CPU.Build.0 = Debug|Any CPU
		{B3DF536B-38B3-44F3-8B5C-BF5DD0737921}.Release|Any CPU.ActiveCfg = Release|Any CPU
		{B3DF536B-38B3-44F3-8B5C-BF5DD0737921}.Release|Any CPU.Build.0 = Release|Any CPU
	EndGlobalSection
	GlobalSection(SolutionProperties) = preSolution
		HideSolutionNode = FALSE
	EndGlobalSection
EndGlobal
